// !$*UTF8*$!
{
	archiveVersion = 1;
	classes = {
	};
	objectVersion = 55;
	objects = {

/* Begin PBXBuildFile section */
		99934E372A1273DD004DB9EB /* Tests_iOS.swift in Sources */ = {isa = PBXBuildFile; fileRef = 99934E362A1273DD004DB9EB /* Tests_iOS.swift */; };
		99934E392A1273DD004DB9EB /* Tests_iOSLaunchTests.swift in Sources */ = {isa = PBXBuildFile; fileRef = 99934E382A1273DD004DB9EB /* Tests_iOSLaunchTests.swift */; };
		99934E432A1273DD004DB9EB /* Tests_macOS.swift in Sources */ = {isa = PBXBuildFile; fileRef = 99934E422A1273DD004DB9EB /* Tests_macOS.swift */; };
		99934E452A1273DD004DB9EB /* Tests_macOSLaunchTests.swift in Sources */ = {isa = PBXBuildFile; fileRef = 99934E442A1273DD004DB9EB /* Tests_macOSLaunchTests.swift */; };
		99934E482A1273DD004DB9EB /* ContentView.swift in Sources */ = {isa = PBXBuildFile; fileRef = 99934E1F2A1273DA004DB9EB /* ContentView.swift */; };
		99934E492A1273DD004DB9EB /* ContentView.swift in Sources */ = {isa = PBXBuildFile; fileRef = 99934E1F2A1273DA004DB9EB /* ContentView.swift */; };
		99934E4A2A1273DD004DB9EB /* Assets.xcassets in Resources */ = {isa = PBXBuildFile; fileRef = 99934E202A1273DD004DB9EB /* Assets.xcassets */; };
		99934E4B2A1273DD004DB9EB /* Assets.xcassets in Resources */ = {isa = PBXBuildFile; fileRef = 99934E202A1273DD004DB9EB /* Assets.xcassets */; };
		9DED2C8A2A2B7312006BCAC3 /* MapViewController.swift in Sources */ = {isa = PBXBuildFile; fileRef = 9DED2C892A2B7312006BCAC3 /* MapViewController.swift */; };
		9DED2C8F2A2B8070006BCAC3 /* NavigationViewController.swift in Sources */ = {isa = PBXBuildFile; fileRef = 9DED2C8E2A2B8070006BCAC3 /* NavigationViewController.swift */; };
		9DED2C912A2B808F006BCAC3 /* WalkationApp.swift in Sources */ = {isa = PBXBuildFile; fileRef = 9DED2C902A2B808F006BCAC3 /* WalkationApp.swift */; };
/* End PBXBuildFile section */

/* Begin PBXContainerItemProxy section */
		99934E332A1273DD004DB9EB /* PBXContainerItemProxy */ = {
			isa = PBXContainerItemProxy;
			containerPortal = 99934E192A1273DA004DB9EB /* Project object */;
			proxyType = 1;
			remoteGlobalIDString = 99934E242A1273DD004DB9EB;
			remoteInfo = "Walkation (iOS)";
		};
		99934E3F2A1273DD004DB9EB /* PBXContainerItemProxy */ = {
			isa = PBXContainerItemProxy;
			containerPortal = 99934E192A1273DA004DB9EB /* Project object */;
			proxyType = 1;
			remoteGlobalIDString = 99934E2A2A1273DD004DB9EB;
			remoteInfo = "Walkation (macOS)";
		};
/* End PBXContainerItemProxy section */

/* Begin PBXFileReference section */
		9906AC4B2A28EB3D003E7246 /* Walkation--iOS--Info.plist */ = {isa = PBXFileReference; lastKnownFileType = text.plist; path = "Walkation--iOS--Info.plist"; sourceTree = "<group>"; };
		99934E1F2A1273DA004DB9EB /* ContentView.swift */ = {isa = PBXFileReference; lastKnownFileType = sourcecode.swift; path = ContentView.swift; sourceTree = "<group>"; };
		99934E202A1273DD004DB9EB /* Assets.xcassets */ = {isa = PBXFileReference; lastKnownFileType = folder.assetcatalog; path = Assets.xcassets; sourceTree = "<group>"; };
		99934E252A1273DD004DB9EB /* Walkation.app */ = {isa = PBXFileReference; explicitFileType = wrapper.application; includeInIndex = 0; path = Walkation.app; sourceTree = BUILT_PRODUCTS_DIR; };
		99934E2B2A1273DD004DB9EB /* Walkation.app */ = {isa = PBXFileReference; explicitFileType = wrapper.application; includeInIndex = 0; path = Walkation.app; sourceTree = BUILT_PRODUCTS_DIR; };
		99934E2D2A1273DD004DB9EB /* macOS.entitlements */ = {isa = PBXFileReference; lastKnownFileType = text.plist.entitlements; path = macOS.entitlements; sourceTree = "<group>"; };
		99934E322A1273DD004DB9EB /* Tests iOS.xctest */ = {isa = PBXFileReference; explicitFileType = wrapper.cfbundle; includeInIndex = 0; path = "Tests iOS.xctest"; sourceTree = BUILT_PRODUCTS_DIR; };
		99934E362A1273DD004DB9EB /* Tests_iOS.swift */ = {isa = PBXFileReference; lastKnownFileType = sourcecode.swift; path = Tests_iOS.swift; sourceTree = "<group>"; };
		99934E382A1273DD004DB9EB /* Tests_iOSLaunchTests.swift */ = {isa = PBXFileReference; lastKnownFileType = sourcecode.swift; path = Tests_iOSLaunchTests.swift; sourceTree = "<group>"; };
		99934E3E2A1273DD004DB9EB /* Tests macOS.xctest */ = {isa = PBXFileReference; explicitFileType = wrapper.cfbundle; includeInIndex = 0; path = "Tests macOS.xctest"; sourceTree = BUILT_PRODUCTS_DIR; };
		99934E422A1273DD004DB9EB /* Tests_macOS.swift */ = {isa = PBXFileReference; lastKnownFileType = sourcecode.swift; path = Tests_macOS.swift; sourceTree = "<group>"; };
		99934E442A1273DD004DB9EB /* Tests_macOSLaunchTests.swift */ = {isa = PBXFileReference; lastKnownFileType = sourcecode.swift; path = Tests_macOSLaunchTests.swift; sourceTree = "<group>"; };
		9DED2C892A2B7312006BCAC3 /* MapViewController.swift */ = {isa = PBXFileReference; fileEncoding = 4; lastKnownFileType = sourcecode.swift; path = MapViewController.swift; sourceTree = "<group>"; };
		9DED2C8E2A2B8070006BCAC3 /* NavigationViewController.swift */ = {isa = PBXFileReference; fileEncoding = 4; lastKnownFileType = sourcecode.swift; path = NavigationViewController.swift; sourceTree = "<group>"; };
		9DED2C902A2B808F006BCAC3 /* WalkationApp.swift */ = {isa = PBXFileReference; fileEncoding = 4; lastKnownFileType = sourcecode.swift; path = WalkationApp.swift; sourceTree = "<group>"; };
/* End PBXFileReference section */

/* Begin PBXFrameworksBuildPhase section */
		99934E222A1273DD004DB9EB /* Frameworks */ = {
			isa = PBXFrameworksBuildPhase;
			buildActionMask = 2147483647;
			files = (
			);
			runOnlyForDeploymentPostprocessing = 0;
		};
		99934E282A1273DD004DB9EB /* Frameworks */ = {
			isa = PBXFrameworksBuildPhase;
			buildActionMask = 2147483647;
			files = (
			);
			runOnlyForDeploymentPostprocessing = 0;
		};
		99934E2F2A1273DD004DB9EB /* Frameworks */ = {
			isa = PBXFrameworksBuildPhase;
			buildActionMask = 2147483647;
			files = (
			);
			runOnlyForDeploymentPostprocessing = 0;
		};
		99934E3B2A1273DD004DB9EB /* Frameworks */ = {
			isa = PBXFrameworksBuildPhase;
			buildActionMask = 2147483647;
			files = (
			);
			runOnlyForDeploymentPostprocessing = 0;
		};
/* End PBXFrameworksBuildPhase section */

/* Begin PBXGroup section */
		99934E182A1273DA004DB9EB = {
			isa = PBXGroup;
			children = (
				9906AC4B2A28EB3D003E7246 /* Walkation--iOS--Info.plist */,
				99934E1D2A1273DA004DB9EB /* Shared */,
				99934E2C2A1273DD004DB9EB /* macOS */,
				99934E352A1273DD004DB9EB /* Tests iOS */,
				99934E412A1273DD004DB9EB /* Tests macOS */,
				99934E262A1273DD004DB9EB /* Products */,
			);
			sourceTree = "<group>";
		};
		99934E1D2A1273DA004DB9EB /* Shared */ = {
			isa = PBXGroup;
			children = (
				9DED2C8B2A2B76B7006BCAC3 /* Test */,
				9DED2C882A2B7306006BCAC3 /* DrawMapLocationNode */,
				99934E1F2A1273DA004DB9EB /* ContentView.swift */,
				9DED2C902A2B808F006BCAC3 /* WalkationApp.swift */,
				99934E202A1273DD004DB9EB /* Assets.xcassets */,
			);
			path = Shared;
			sourceTree = "<group>";
		};
		99934E262A1273DD004DB9EB /* Products */ = {
			isa = PBXGroup;
			children = (
				99934E252A1273DD004DB9EB /* Walkation.app */,
				99934E2B2A1273DD004DB9EB /* Walkation.app */,
				99934E322A1273DD004DB9EB /* Tests iOS.xctest */,
				99934E3E2A1273DD004DB9EB /* Tests macOS.xctest */,
			);
			name = Products;
			sourceTree = "<group>";
		};
		99934E2C2A1273DD004DB9EB /* macOS */ = {
			isa = PBXGroup;
			children = (
				99934E2D2A1273DD004DB9EB /* macOS.entitlements */,
			);
			path = macOS;
			sourceTree = "<group>";
		};
		99934E352A1273DD004DB9EB /* Tests iOS */ = {
			isa = PBXGroup;
			children = (
				99934E362A1273DD004DB9EB /* Tests_iOS.swift */,
				99934E382A1273DD004DB9EB /* Tests_iOSLaunchTests.swift */,
			);
			path = "Tests iOS";
			sourceTree = "<group>";
		};
		99934E412A1273DD004DB9EB /* Tests macOS */ = {
			isa = PBXGroup;
			children = (
				99934E422A1273DD004DB9EB /* Tests_macOS.swift */,
				99934E442A1273DD004DB9EB /* Tests_macOSLaunchTests.swift */,
			);
			path = "Tests macOS";
			sourceTree = "<group>";
		};
		9DED2C882A2B7306006BCAC3 /* DrawMapLocationNode */ = {
			isa = PBXGroup;
			children = (
				9DED2C8E2A2B8070006BCAC3 /* NavigationViewController.swift */,
				9DED2C892A2B7312006BCAC3 /* MapViewController.swift */,
			);
			path = DrawMapLocationNode;
			sourceTree = "<group>";
		};
		9DED2C8B2A2B76B7006BCAC3 /* Test */ = {
			isa = PBXGroup;
			children = (
			);
			path = Test;
			sourceTree = "<group>";
		};
/* End PBXGroup section */

/* Begin PBXNativeTarget section */
		99934E242A1273DD004DB9EB /* Walkation (iOS) */ = {
			isa = PBXNativeTarget;
			buildConfigurationList = 99934E4E2A1273DD004DB9EB /* Build configuration list for PBXNativeTarget "Walkation (iOS)" */;
			buildPhases = (
				99934E212A1273DD004DB9EB /* Sources */,
				99934E222A1273DD004DB9EB /* Frameworks */,
				99934E232A1273DD004DB9EB /* Resources */,
			);
			buildRules = (
			);
			dependencies = (
			);
			name = "Walkation (iOS)";
			productName = "Walkation (iOS)";
			productReference = 99934E252A1273DD004DB9EB /* Walkation.app */;
			productType = "com.apple.product-type.application";
		};
		99934E2A2A1273DD004DB9EB /* Walkation (macOS) */ = {
			isa = PBXNativeTarget;
			buildConfigurationList = 99934E512A1273DD004DB9EB /* Build configuration list for PBXNativeTarget "Walkation (macOS)" */;
			buildPhases = (
				99934E272A1273DD004DB9EB /* Sources */,
				99934E282A1273DD004DB9EB /* Frameworks */,
				99934E292A1273DD004DB9EB /* Resources */,
			);
			buildRules = (
			);
			dependencies = (
			);
			name = "Walkation (macOS)";
			productName = "Walkation (macOS)";
			productReference = 99934E2B2A1273DD004DB9EB /* Walkation.app */;
			productType = "com.apple.product-type.application";
		};
		99934E312A1273DD004DB9EB /* Tests iOS */ = {
			isa = PBXNativeTarget;
			buildConfigurationList = 99934E542A1273DD004DB9EB /* Build configuration list for PBXNativeTarget "Tests iOS" */;
			buildPhases = (
				99934E2E2A1273DD004DB9EB /* Sources */,
				99934E2F2A1273DD004DB9EB /* Frameworks */,
				99934E302A1273DD004DB9EB /* Resources */,
			);
			buildRules = (
			);
			dependencies = (
				99934E342A1273DD004DB9EB /* PBXTargetDependency */,
			);
			name = "Tests iOS";
			productName = "Tests iOS";
			productReference = 99934E322A1273DD004DB9EB /* Tests iOS.xctest */;
			productType = "com.apple.product-type.bundle.ui-testing";
		};
		99934E3D2A1273DD004DB9EB /* Tests macOS */ = {
			isa = PBXNativeTarget;
			buildConfigurationList = 99934E572A1273DD004DB9EB /* Build configuration list for PBXNativeTarget "Tests macOS" */;
			buildPhases = (
				99934E3A2A1273DD004DB9EB /* Sources */,
				99934E3B2A1273DD004DB9EB /* Frameworks */,
				99934E3C2A1273DD004DB9EB /* Resources */,
			);
			buildRules = (
			);
			dependencies = (
				99934E402A1273DD004DB9EB /* PBXTargetDependency */,
			);
			name = "Tests macOS";
			productName = "Tests macOS";
			productReference = 99934E3E2A1273DD004DB9EB /* Tests macOS.xctest */;
			productType = "com.apple.product-type.bundle.ui-testing";
		};
/* End PBXNativeTarget section */

/* Begin PBXProject section */
		99934E192A1273DA004DB9EB /* Project object */ = {
			isa = PBXProject;
			attributes = {
				BuildIndependentTargetsInParallel = 1;
				LastSwiftUpdateCheck = 1340;
				LastUpgradeCheck = 1340;
				TargetAttributes = {
					99934E242A1273DD004DB9EB = {
						CreatedOnToolsVersion = 13.4;
					};
					99934E2A2A1273DD004DB9EB = {
						CreatedOnToolsVersion = 13.4;
					};
					99934E312A1273DD004DB9EB = {
						CreatedOnToolsVersion = 13.4;
						TestTargetID = 99934E242A1273DD004DB9EB;
					};
					99934E3D2A1273DD004DB9EB = {
						CreatedOnToolsVersion = 13.4;
						TestTargetID = 99934E2A2A1273DD004DB9EB;
					};
				};
			};
			buildConfigurationList = 99934E1C2A1273DA004DB9EB /* Build configuration list for PBXProject "Walkation" */;
			compatibilityVersion = "Xcode 13.0";
			developmentRegion = en;
			hasScannedForEncodings = 0;
			knownRegions = (
				en,
				Base,
			);
			mainGroup = 99934E182A1273DA004DB9EB;
			productRefGroup = 99934E262A1273DD004DB9EB /* Products */;
			projectDirPath = "";
			projectRoot = "";
			targets = (
				99934E242A1273DD004DB9EB /* Walkation (iOS) */,
				99934E2A2A1273DD004DB9EB /* Walkation (macOS) */,
				99934E312A1273DD004DB9EB /* Tests iOS */,
				99934E3D2A1273DD004DB9EB /* Tests macOS */,
			);
		};
/* End PBXProject section */

/* Begin PBXResourcesBuildPhase section */
		99934E232A1273DD004DB9EB /* Resources */ = {
			isa = PBXResourcesBuildPhase;
			buildActionMask = 2147483647;
			files = (
				99934E4A2A1273DD004DB9EB /* Assets.xcassets in Resources */,
			);
			runOnlyForDeploymentPostprocessing = 0;
		};
		99934E292A1273DD004DB9EB /* Resources */ = {
			isa = PBXResourcesBuildPhase;
			buildActionMask = 2147483647;
			files = (
				99934E4B2A1273DD004DB9EB /* Assets.xcassets in Resources */,
			);
			runOnlyForDeploymentPostprocessing = 0;
		};
		99934E302A1273DD004DB9EB /* Resources */ = {
			isa = PBXResourcesBuildPhase;
			buildActionMask = 2147483647;
			files = (
			);
			runOnlyForDeploymentPostprocessing = 0;
		};
		99934E3C2A1273DD004DB9EB /* Resources */ = {
			isa = PBXResourcesBuildPhase;
			buildActionMask = 2147483647;
			files = (
			);
			runOnlyForDeploymentPostprocessing = 0;
		};
/* End PBXResourcesBuildPhase section */

/* Begin PBXSourcesBuildPhase section */
		99934E212A1273DD004DB9EB /* Sources */ = {
			isa = PBXSourcesBuildPhase;
			buildActionMask = 2147483647;
			files = (
				9DED2C912A2B808F006BCAC3 /* WalkationApp.swift in Sources */,
				9DED2C8F2A2B8070006BCAC3 /* NavigationViewController.swift in Sources */,
				99934E482A1273DD004DB9EB /* ContentView.swift in Sources */,
				9DED2C8A2A2B7312006BCAC3 /* MapViewController.swift in Sources */,
			);
			runOnlyForDeploymentPostprocessing = 0;
		};
		99934E272A1273DD004DB9EB /* Sources */ = {
			isa = PBXSourcesBuildPhase;
			buildActionMask = 2147483647;
			files = (
				99934E492A1273DD004DB9EB /* ContentView.swift in Sources */,
			);
			runOnlyForDeploymentPostprocessing = 0;
		};
		99934E2E2A1273DD004DB9EB /* Sources */ = {
			isa = PBXSourcesBuildPhase;
			buildActionMask = 2147483647;
			files = (
				99934E392A1273DD004DB9EB /* Tests_iOSLaunchTests.swift in Sources */,
				99934E372A1273DD004DB9EB /* Tests_iOS.swift in Sources */,
			);
			runOnlyForDeploymentPostprocessing = 0;
		};
		99934E3A2A1273DD004DB9EB /* Sources */ = {
			isa = PBXSourcesBuildPhase;
			buildActionMask = 2147483647;
			files = (
				99934E452A1273DD004DB9EB /* Tests_macOSLaunchTests.swift in Sources */,
				99934E432A1273DD004DB9EB /* Tests_macOS.swift in Sources */,
			);
			runOnlyForDeploymentPostprocessing = 0;
		};
/* End PBXSourcesBuildPhase section */

/* Begin PBXTargetDependency section */
		99934E342A1273DD004DB9EB /* PBXTargetDependency */ = {
			isa = PBXTargetDependency;
			target = 99934E242A1273DD004DB9EB /* Walkation (iOS) */;
			targetProxy = 99934E332A1273DD004DB9EB /* PBXContainerItemProxy */;
		};
		99934E402A1273DD004DB9EB /* PBXTargetDependency */ = {
			isa = PBXTargetDependency;
			target = 99934E2A2A1273DD004DB9EB /* Walkation (macOS) */;
			targetProxy = 99934E3F2A1273DD004DB9EB /* PBXContainerItemProxy */;
		};
/* End PBXTargetDependency section */

/* Begin XCBuildConfiguration section */
		99934E4C2A1273DD004DB9EB /* Debug */ = {
			isa = XCBuildConfiguration;
			buildSettings = {
				ALWAYS_SEARCH_USER_PATHS = NO;
				CLANG_ANALYZER_NONNULL = YES;
				CLANG_ANALYZER_NUMBER_OBJECT_CONVERSION = YES_AGGRESSIVE;
				CLANG_CXX_LANGUAGE_STANDARD = "gnu++17";
				CLANG_ENABLE_MODULES = YES;
				CLANG_ENABLE_OBJC_ARC = YES;
				CLANG_ENABLE_OBJC_WEAK = YES;
				CLANG_WARN_BLOCK_CAPTURE_AUTORELEASING = YES;
				CLANG_WARN_BOOL_CONVERSION = YES;
				CLANG_WARN_COMMA = YES;
				CLANG_WARN_CONSTANT_CONVERSION = YES;
				CLANG_WARN_DEPRECATED_OBJC_IMPLEMENTATIONS = YES;
				CLANG_WARN_DIRECT_OBJC_ISA_USAGE = YES_ERROR;
				CLANG_WARN_DOCUMENTATION_COMMENTS = YES;
				CLANG_WARN_EMPTY_BODY = YES;
				CLANG_WARN_ENUM_CONVERSION = YES;
				CLANG_WARN_INFINITE_RECURSION = YES;
				CLANG_WARN_INT_CONVERSION = YES;
				CLANG_WARN_NON_LITERAL_NULL_CONVERSION = YES;
				CLANG_WARN_OBJC_IMPLICIT_RETAIN_SELF = YES;
				CLANG_WARN_OBJC_LITERAL_CONVERSION = YES;
				CLANG_WARN_OBJC_ROOT_CLASS = YES_ERROR;
				CLANG_WARN_QUOTED_INCLUDE_IN_FRAMEWORK_HEADER = YES;
				CLANG_WARN_RANGE_LOOP_ANALYSIS = YES;
				CLANG_WARN_STRICT_PROTOTYPES = YES;
				CLANG_WARN_SUSPICIOUS_MOVE = YES;
				CLANG_WARN_UNGUARDED_AVAILABILITY = YES_AGGRESSIVE;
				CLANG_WARN_UNREACHABLE_CODE = YES;
				CLANG_WARN__DUPLICATE_METHOD_MATCH = YES;
				COPY_PHASE_STRIP = NO;
				DEBUG_INFORMATION_FORMAT = dwarf;
				ENABLE_STRICT_OBJC_MSGSEND = YES;
				ENABLE_TESTABILITY = YES;
				GCC_C_LANGUAGE_STANDARD = gnu11;
				GCC_DYNAMIC_NO_PIC = NO;
				GCC_NO_COMMON_BLOCKS = YES;
				GCC_OPTIMIZATION_LEVEL = 0;
				GCC_PREPROCESSOR_DEFINITIONS = (
					"DEBUG=1",
					"$(inherited)",
				);
				GCC_WARN_64_TO_32_BIT_CONVERSION = YES;
				GCC_WARN_ABOUT_RETURN_TYPE = YES_ERROR;
				GCC_WARN_UNDECLARED_SELECTOR = YES;
				GCC_WARN_UNINITIALIZED_AUTOS = YES_AGGRESSIVE;
				GCC_WARN_UNUSED_FUNCTION = YES;
				GCC_WARN_UNUSED_VARIABLE = YES;
				IPHONEOS_DEPLOYMENT_TARGET = 16.0;
				MTL_ENABLE_DEBUG_INFO = INCLUDE_SOURCE;
				MTL_FAST_MATH = YES;
				ONLY_ACTIVE_ARCH = YES;
				SWIFT_ACTIVE_COMPILATION_CONDITIONS = DEBUG;
				SWIFT_OPTIMIZATION_LEVEL = "-Onone";
			};
			name = Debug;
		};
		99934E4D2A1273DD004DB9EB /* Release */ = {
			isa = XCBuildConfiguration;
			buildSettings = {
				ALWAYS_SEARCH_USER_PATHS = NO;
				CLANG_ANALYZER_NONNULL = YES;
				CLANG_ANALYZER_NUMBER_OBJECT_CONVERSION = YES_AGGRESSIVE;
				CLANG_CXX_LANGUAGE_STANDARD = "gnu++17";
				CLANG_ENABLE_MODULES = YES;
				CLANG_ENABLE_OBJC_ARC = YES;
				CLANG_ENABLE_OBJC_WEAK = YES;
				CLANG_WARN_BLOCK_CAPTURE_AUTORELEASING = YES;
				CLANG_WARN_BOOL_CONVERSION = YES;
				CLANG_WARN_COMMA = YES;
				CLANG_WARN_CONSTANT_CONVERSION = YES;
				CLANG_WARN_DEPRECATED_OBJC_IMPLEMENTATIONS = YES;
				CLANG_WARN_DIRECT_OBJC_ISA_USAGE = YES_ERROR;
				CLANG_WARN_DOCUMENTATION_COMMENTS = YES;
				CLANG_WARN_EMPTY_BODY = YES;
				CLANG_WARN_ENUM_CONVERSION = YES;
				CLANG_WARN_INFINITE_RECURSION = YES;
				CLANG_WARN_INT_CONVERSION = YES;
				CLANG_WARN_NON_LITERAL_NULL_CONVERSION = YES;
				CLANG_WARN_OBJC_IMPLICIT_RETAIN_SELF = YES;
				CLANG_WARN_OBJC_LITERAL_CONVERSION = YES;
				CLANG_WARN_OBJC_ROOT_CLASS = YES_ERROR;
				CLANG_WARN_QUOTED_INCLUDE_IN_FRAMEWORK_HEADER = YES;
				CLANG_WARN_RANGE_LOOP_ANALYSIS = YES;
				CLANG_WARN_STRICT_PROTOTYPES = YES;
				CLANG_WARN_SUSPICIOUS_MOVE = YES;
				CLANG_WARN_UNGUARDED_AVAILABILITY = YES_AGGRESSIVE;
				CLANG_WARN_UNREACHABLE_CODE = YES;
				CLANG_WARN__DUPLICATE_METHOD_MATCH = YES;
				COPY_PHASE_STRIP = NO;
				DEBUG_INFORMATION_FORMAT = "dwarf-with-dsym";
				ENABLE_NS_ASSERTIONS = NO;
				ENABLE_STRICT_OBJC_MSGSEND = YES;
				GCC_C_LANGUAGE_STANDARD = gnu11;
				GCC_NO_COMMON_BLOCKS = YES;
				GCC_WARN_64_TO_32_BIT_CONVERSION = YES;
				GCC_WARN_ABOUT_RETURN_TYPE = YES_ERROR;
				GCC_WARN_UNDECLARED_SELECTOR = YES;
				GCC_WARN_UNINITIALIZED_AUTOS = YES_AGGRESSIVE;
				GCC_WARN_UNUSED_FUNCTION = YES;
				GCC_WARN_UNUSED_VARIABLE = YES;
				IPHONEOS_DEPLOYMENT_TARGET = 16.0;
				MTL_ENABLE_DEBUG_INFO = NO;
				MTL_FAST_MATH = YES;
				SWIFT_COMPILATION_MODE = wholemodule;
				SWIFT_OPTIMIZATION_LEVEL = "-O";
			};
			name = Release;
		};
		99934E4F2A1273DD004DB9EB /* Debug */ = {
			isa = XCBuildConfiguration;
			buildSettings = {
				ASSETCATALOG_COMPILER_APPICON_NAME = AppIcon;
				ASSETCATALOG_COMPILER_GLOBAL_ACCENT_COLOR_NAME = AccentColor;
				CODE_SIGN_STYLE = Automatic;
				CURRENT_PROJECT_VERSION = 1;
				DEVELOPMENT_TEAM = ZCS5XFPHM7;
				ENABLE_PREVIEWS = YES;
				GENERATE_INFOPLIST_FILE = YES;
				INFOPLIST_FILE = "Walkation--iOS--Info.plist";
				INFOPLIST_KEY_LSApplicationCategoryType = "Privacy - Location Always and When In Use Usage Description";
				INFOPLIST_KEY_NSLocationAlwaysAndWhenInUseUsageDescription = "ALWAYS GETTING YOUR LOCATION";
				INFOPLIST_KEY_NSLocationWhenInUseUsageDescription = "WHEN IN USE BAYBEH";
				INFOPLIST_KEY_UIApplicationSceneManifest_Generation = YES;
				INFOPLIST_KEY_UIApplicationSupportsIndirectInputEvents = YES;
				INFOPLIST_KEY_UILaunchScreen_Generation = YES;
				INFOPLIST_KEY_UISupportedInterfaceOrientations_iPad = "UIInterfaceOrientationPortrait UIInterfaceOrientationPortraitUpsideDown UIInterfaceOrientationLandscapeLeft UIInterfaceOrientationLandscapeRight";
				INFOPLIST_KEY_UISupportedInterfaceOrientations_iPhone = "UIInterfaceOrientationPortrait UIInterfaceOrientationLandscapeLeft UIInterfaceOrientationLandscapeRight";
				IPHONEOS_DEPLOYMENT_TARGET = 15.5;
				LD_RUNPATH_SEARCH_PATHS = (
					"$(inherited)",
					"@executable_path/Frameworks",
				);
				MARKETING_VERSION = 1.0;
				PRODUCT_BUNDLE_IDENTIFIER = com.matrix.walkation;
				PRODUCT_NAME = Walkation;
				SDKROOT = iphoneos;
				SWIFT_EMIT_LOC_STRINGS = YES;
				SWIFT_VERSION = 5.0;
				TARGETED_DEVICE_FAMILY = "1,2";
			};
			name = Debug;
		};
		99934E502A1273DD004DB9EB /* Release */ = {
			isa = XCBuildConfiguration;
			buildSettings = {
				ASSETCATALOG_COMPILER_APPICON_NAME = AppIcon;
				ASSETCATALOG_COMPILER_GLOBAL_ACCENT_COLOR_NAME = AccentColor;
				CODE_SIGN_STYLE = Automatic;
				CURRENT_PROJECT_VERSION = 1;
				DEVELOPMENT_TEAM = ZCS5XFPHM7;
				ENABLE_PREVIEWS = YES;
				GENERATE_INFOPLIST_FILE = YES;
				INFOPLIST_FILE = "Walkation--iOS--Info.plist";
				INFOPLIST_KEY_LSApplicationCategoryType = "Privacy - Location Always and When In Use Usage Description";
				INFOPLIST_KEY_NSLocationAlwaysAndWhenInUseUsageDescription = "ALWAYS GETTING YOUR LOCATION";
				INFOPLIST_KEY_NSLocationWhenInUseUsageDescription = "WHEN IN USE BAYBEH";
				INFOPLIST_KEY_UIApplicationSceneManifest_Generation = YES;
				INFOPLIST_KEY_UIApplicationSupportsIndirectInputEvents = YES;
				INFOPLIST_KEY_UILaunchScreen_Generation = YES;
				INFOPLIST_KEY_UISupportedInterfaceOrientations_iPad = "UIInterfaceOrientationPortrait UIInterfaceOrientationPortraitUpsideDown UIInterfaceOrientationLandscapeLeft UIInterfaceOrientationLandscapeRight";
				INFOPLIST_KEY_UISupportedInterfaceOrientations_iPhone = "UIInterfaceOrientationPortrait UIInterfaceOrientationLandscapeLeft UIInterfaceOrientationLandscapeRight";
				IPHONEOS_DEPLOYMENT_TARGET = 15.5;
				LD_RUNPATH_SEARCH_PATHS = (
					"$(inherited)",
					"@executable_path/Frameworks",
				);
				MARKETING_VERSION = 1.0;
				PRODUCT_BUNDLE_IDENTIFIER = com.matrix.walkation;
				PRODUCT_NAME = Walkation;
				SDKROOT = iphoneos;
				SWIFT_EMIT_LOC_STRINGS = YES;
				SWIFT_VERSION = 5.0;
				TARGETED_DEVICE_FAMILY = "1,2";
				VALIDATE_PRODUCT = YES;
			};
			name = Release;
		};
		99934E522A1273DD004DB9EB /* Debug */ = {
			isa = XCBuildConfiguration;
			buildSettings = {
				ASSETCATALOG_COMPILER_APPICON_NAME = AppIcon;
				ASSETCATALOG_COMPILER_GLOBAL_ACCENT_COLOR_NAME = AccentColor;
				CODE_SIGN_ENTITLEMENTS = macOS/macOS.entitlements;
				CODE_SIGN_STYLE = Automatic;
				COMBINE_HIDPI_IMAGES = YES;
				CURRENT_PROJECT_VERSION = 1;
				ENABLE_PREVIEWS = YES;
				GENERATE_INFOPLIST_FILE = YES;
				INFOPLIST_KEY_NSHumanReadableCopyright = "";
				LD_RUNPATH_SEARCH_PATHS = (
					"$(inherited)",
					"@executable_path/../Frameworks",
				);
				MACOSX_DEPLOYMENT_TARGET = 12.2;
				MARKETING_VERSION = 1.0;
				PRODUCT_BUNDLE_IDENTIFIER = "The-Matrix.Walkation";
				PRODUCT_NAME = Walkation;
				SDKROOT = macosx;
				SWIFT_EMIT_LOC_STRINGS = YES;
				SWIFT_VERSION = 5.0;
			};
			name = Debug;
		};
		99934E532A1273DD004DB9EB /* Release */ = {
			isa = XCBuildConfiguration;
			buildSettings = {
				ASSETCATALOG_COMPILER_APPICON_NAME = AppIcon;
				ASSETCATALOG_COMPILER_GLOBAL_ACCENT_COLOR_NAME = AccentColor;
				CODE_SIGN_ENTITLEMENTS = macOS/macOS.entitlements;
				CODE_SIGN_STYLE = Automatic;
				COMBINE_HIDPI_IMAGES = YES;
				CURRENT_PROJECT_VERSION = 1;
				ENABLE_PREVIEWS = YES;
				GENERATE_INFOPLIST_FILE = YES;
				INFOPLIST_KEY_NSHumanReadableCopyright = "";
				LD_RUNPATH_SEARCH_PATHS = (
					"$(inherited)",
					"@executable_path/../Frameworks",
				);
				MACOSX_DEPLOYMENT_TARGET = 12.2;
				MARKETING_VERSION = 1.0;
				PRODUCT_BUNDLE_IDENTIFIER = "The-Matrix.Walkation";
				PRODUCT_NAME = Walkation;
				SDKROOT = macosx;
				SWIFT_EMIT_LOC_STRINGS = YES;
				SWIFT_VERSION = 5.0;
			};
			name = Release;
		};
		99934E552A1273DD004DB9EB /* Debug */ = {
			isa = XCBuildConfiguration;
			buildSettings = {
				ALWAYS_EMBED_SWIFT_STANDARD_LIBRARIES = YES;
				CODE_SIGN_STYLE = Automatic;
				CURRENT_PROJECT_VERSION = 1;
				GENERATE_INFOPLIST_FILE = YES;
				IPHONEOS_DEPLOYMENT_TARGET = 15.5;
				MARKETING_VERSION = 1.0;
				PRODUCT_BUNDLE_IDENTIFIER = "The-Matrix.Tests-iOS";
				PRODUCT_NAME = "$(TARGET_NAME)";
				SDKROOT = iphoneos;
				SWIFT_EMIT_LOC_STRINGS = NO;
				SWIFT_VERSION = 5.0;
				TARGETED_DEVICE_FAMILY = "1,2";
				TEST_TARGET_NAME = "Walkation (iOS)";
			};
			name = Debug;
		};
		99934E562A1273DD004DB9EB /* Release */ = {
			isa = XCBuildConfiguration;
			buildSettings = {
				ALWAYS_EMBED_SWIFT_STANDARD_LIBRARIES = YES;
				CODE_SIGN_STYLE = Automatic;
				CURRENT_PROJECT_VERSION = 1;
				GENERATE_INFOPLIST_FILE = YES;
				IPHONEOS_DEPLOYMENT_TARGET = 15.5;
				MARKETING_VERSION = 1.0;
				PRODUCT_BUNDLE_IDENTIFIER = "The-Matrix.Tests-iOS";
				PRODUCT_NAME = "$(TARGET_NAME)";
				SDKROOT = iphoneos;
				SWIFT_EMIT_LOC_STRINGS = NO;
				SWIFT_VERSION = 5.0;
				TARGETED_DEVICE_FAMILY = "1,2";
				TEST_TARGET_NAME = "Walkation (iOS)";
				VALIDATE_PRODUCT = YES;
			};
			name = Release;
		};
		99934E582A1273DD004DB9EB /* Debug */ = {
			isa = XCBuildConfiguration;
			buildSettings = {
				ALWAYS_EMBED_SWIFT_STANDARD_LIBRARIES = YES;
				CODE_SIGN_STYLE = Automatic;
				CURRENT_PROJECT_VERSION = 1;
				GENERATE_INFOPLIST_FILE = YES;
				MACOSX_DEPLOYMENT_TARGET = 12.2;
				MARKETING_VERSION = 1.0;
				PRODUCT_BUNDLE_IDENTIFIER = "The-Matrix.Tests-macOS";
				PRODUCT_NAME = "$(TARGET_NAME)";
				SDKROOT = macosx;
				SWIFT_EMIT_LOC_STRINGS = NO;
				SWIFT_VERSION = 5.0;
				TEST_TARGET_NAME = "Walkation (macOS)";
			};
			name = Debug;
		};
		99934E592A1273DD004DB9EB /* Release */ = {
			isa = XCBuildConfiguration;
			buildSettings = {
				ALWAYS_EMBED_SWIFT_STANDARD_LIBRARIES = YES;
				CODE_SIGN_STYLE = Automatic;
				CURRENT_PROJECT_VERSION = 1;
				GENERATE_INFOPLIST_FILE = YES;
				MACOSX_DEPLOYMENT_TARGET = 12.2;
				MARKETING_VERSION = 1.0;
				PRODUCT_BUNDLE_IDENTIFIER = "The-Matrix.Tests-macOS";
				PRODUCT_NAME = "$(TARGET_NAME)";
				SDKROOT = macosx;
				SWIFT_EMIT_LOC_STRINGS = NO;
				SWIFT_VERSION = 5.0;
				TEST_TARGET_NAME = "Walkation (macOS)";
			};
			name = Release;
		};
/* End XCBuildConfiguration section */

/* Begin XCConfigurationList section */
		99934E1C2A1273DA004DB9EB /* Build configuration list for PBXProject "Walkation" */ = {
			isa = XCConfigurationList;
			buildConfigurations = (
				99934E4C2A1273DD004DB9EB /* Debug */,
				99934E4D2A1273DD004DB9EB /* Release */,
			);
			defaultConfigurationIsVisible = 0;
			defaultConfigurationName = Release;
		};
		99934E4E2A1273DD004DB9EB /* Build configuration list for PBXNativeTarget "Walkation (iOS)" */ = {
			isa = XCConfigurationList;
			buildConfigurations = (
				99934E4F2A1273DD004DB9EB /* Debug */,
				99934E502A1273DD004DB9EB /* Release */,
			);
			defaultConfigurationIsVisible = 0;
			defaultConfigurationName = Release;
		};
		99934E512A1273DD004DB9EB /* Build configuration list for PBXNativeTarget "Walkation (macOS)" */ = {
			isa = XCConfigurationList;
			buildConfigurations = (
				99934E522A1273DD004DB9EB /* Debug */,
				99934E532A1273DD004DB9EB /* Release */,
			);
			defaultConfigurationIsVisible = 0;
			defaultConfigurationName = Release;
		};
		99934E542A1273DD004DB9EB /* Build configuration list for PBXNativeTarget "Tests iOS" */ = {
			isa = XCConfigurationList;
			buildConfigurations = (
				99934E552A1273DD004DB9EB /* Debug */,
				99934E562A1273DD004DB9EB /* Release */,
			);
			defaultConfigurationIsVisible = 0;
			defaultConfigurationName = Release;
		};
		99934E572A1273DD004DB9EB /* Build configuration list for PBXNativeTarget "Tests macOS" */ = {
			isa = XCConfigurationList;
			buildConfigurations = (
				99934E582A1273DD004DB9EB /* Debug */,
				99934E592A1273DD004DB9EB /* Release */,
			);
			defaultConfigurationIsVisible = 0;
			defaultConfigurationName = Release;
		};
/* End XCConfigurationList section */
	};
	rootObject = 99934E192A1273DA004DB9EB /* Project object */;
}
